
Microsoft Visual Studio Solution File, Format Version 12.00
# Visual Studio Version 16
VisualStudioVersion = 16.0.810.14
MinimumVisualStudioVersion = 10.0.40219.1
Project("{FAE04EC0-301F-11D3-BF4B-00C04F79EFBC}") = "Thulir.Cli", "Thulir.Cli\Thulir.Cli.csproj", "{DEFF36FD-177E-4197-A0E7-D56F80D551A0}"
EndProject
Project("{FAE04EC0-301F-11D3-BF4B-00C04F79EFBC}") = "Thulir.Core", "Thulir.Core\Thulir.Core.csproj", "{0F074012-4C12-4233-99F7-61A55C193335}"
EndProject
Project("{FAE04EC0-301F-11D3-BF4B-00C04F79EFBC}") = "Thulir.Aws", "Thulir.Aws\Thulir.Aws.csproj", "{CFC4D09F-4918-4BE7-BF83-519452CAA31A}"
EndProject
Project("{FAE04EC0-301F-11D3-BF4B-00C04F79EFBC}") = "Thulir.Landsat", "Thulir.Landsat\Thulir.Landsat.csproj", "{76254462-5C96-4644-A64A-BC75CD5C6D5C}"
EndProject
Project("{FAE04EC0-301F-11D3-BF4B-00C04F79EFBC}") = "Thulir.Gdal", "Thulir.Gdal\Thulir.Gdal.csproj", "{580F213A-9D5F-4A3E-A42F-D70B0C2B93BD}"
EndProject
Project("{FAE04EC0-301F-11D3-BF4B-00C04F79EFBC}") = "Thulir.ReactUI", "Thulir.ReactUI\Thulir.ReactUI.csproj", "{3845082E-7977-4E75-80E7-510864B979EE}"
EndProject
Project("{FAE04EC0-301F-11D3-BF4B-00C04F79EFBC}") = "Thulir.Weather", "Thulir.Weather\Thulir.Weather.csproj", "{B9AA5134-A644-41FB-95E6-BBD98E035176}"
EndProject
Project("{FAE04EC0-301F-11D3-BF4B-00C04F79EFBC}") = "Thulir.News", "Thulir.News\Thulir.News.csproj", "{C20A4DC2-8AAE-4085-8358-8F9BC3229C2E}"
EndProject
Project("{FAE04EC0-301F-11D3-BF4B-00C04F79EFBC}") = "Thulir.FarmersLog", "Thulir.FarmersLog\Thulir.FarmersLog.csproj", "{9441F015-5CAD-4B44-ABAA-9B4D91421768}"
EndProject
Project("{FAE04EC0-301F-11D3-BF4B-00C04F79EFBC}") = "Thulir.Weather.Crawler", "Thulir.Weather.Crawler\Thulir.Weather.Crawler.csproj", "{0D87097C-F0DE-4A32-8B5D-0E47C659BE89}"
EndProject
Global
	GlobalSection(SolutionConfigurationPlatforms) = preSolution
		Debug|Any CPU = Debug|Any CPU
		Release|Any CPU = Release|Any CPU
	EndGlobalSection
	GlobalSection(ProjectConfigurationPlatforms) = postSolution
		{DEFF36FD-177E-4197-A0E7-D56F80D551A0}.Debug|Any CPU.ActiveCfg = Debug|Any CPU
		{DEFF36FD-177E-4197-A0E7-D56F80D551A0}.Debug|Any CPU.Build.0 = Debug|Any CPU
		{DEFF36FD-177E-4197-A0E7-D56F80D551A0}.Release|Any CPU.ActiveCfg = Release|Any CPU
		{DEFF36FD-177E-4197-A0E7-D56F80D551A0}.Release|Any CPU.Build.0 = Release|Any CPU
		{0F074012-4C12-4233-99F7-61A55C193335}.Debug|Any CPU.ActiveCfg = Debug|Any CPU
		{0F074012-4C12-4233-99F7-61A55C193335}.Debug|Any CPU.Build.0 = Debug|Any CPU
		{0F074012-4C12-4233-99F7-61A55C193335}.Release|Any CPU.ActiveCfg = Release|Any CPU
		{0F074012-4C12-4233-99F7-61A55C193335}.Release|Any CPU.Build.0 = Release|Any CPU
		{CFC4D09F-4918-4BE7-BF83-519452CAA31A}.Debug|Any CPU.ActiveCfg = Debug|Any CPU
		{CFC4D09F-4918-4BE7-BF83-519452CAA31A}.Debug|Any CPU.Build.0 = Debug|Any CPU
		{CFC4D09F-4918-4BE7-BF83-519452CAA31A}.Release|Any CPU.ActiveCfg = Release|Any CPU
		{CFC4D09F-4918-4BE7-BF83-519452CAA31A}.Release|Any CPU.Build.0 = Release|Any CPU
		{76254462-5C96-4644-A64A-BC75CD5C6D5C}.Debug|Any CPU.ActiveCfg = Debug|Any CPU
		{76254462-5C96-4644-A64A-BC75CD5C6D5C}.Debug|Any CPU.Build.0 = Debug|Any CPU
		{76254462-5C96-4644-A64A-BC75CD5C6D5C}.Release|Any CPU.ActiveCfg = Release|Any CPU
		{76254462-5C96-4644-A64A-BC75CD5C6D5C}.Release|Any CPU.Build.0 = Release|Any CPU
		{580F213A-9D5F-4A3E-A42F-D70B0C2B93BD}.Debug|Any CPU.ActiveCfg = Debug|Any CPU
		{580F213A-9D5F-4A3E-A42F-D70B0C2B93BD}.Debug|Any CPU.Build.0 = Debug|Any CPU
		{580F213A-9D5F-4A3E-A42F-D70B0C2B93BD}.Release|Any CPU.ActiveCfg = Release|Any CPU
		{580F213A-9D5F-4A3E-A42F-D70B0C2B93BD}.Release|Any CPU.Build.0 = Release|Any CPU
		{3845082E-7977-4E75-80E7-510864B979EE}.Debug|Any CPU.ActiveCfg = Debug|Any CPU
		{3845082E-7977-4E75-80E7-510864B979EE}.Debug|Any CPU.Build.0 = Debug|Any CPU
		{3845082E-7977-4E75-80E7-510864B979EE}.Release|Any CPU.ActiveCfg = Release|Any CPU
		{3845082E-7977-4E75-80E7-510864B979EE}.Release|Any CPU.Build.0 = Release|Any CPU
		{B9AA5134-A644-41FB-95E6-BBD98E035176}.Debug|Any CPU.ActiveCfg = Debug|Any CPU
		{B9AA5134-A644-41FB-95E6-BBD98E035176}.Debug|Any CPU.Build.0 = Debug|Any CPU
		{B9AA5134-A644-41FB-95E6-BBD98E035176}.Release|Any CPU.ActiveCfg = Release|Any CPU
		{B9AA5134-A644-41FB-95E6-BBD98E035176}.Release|Any CPU.Build.0 = Release|Any CPU
		{C20A4DC2-8AAE-4085-8358-8F9BC3229C2E}.Debug|Any CPU.ActiveCfg = Debug|Any CPU
		{C20A4DC2-8AAE-4085-8358-8F9BC3229C2E}.Debug|Any CPU.Build.0 = Debug|Any CPU
		{C20A4DC2-8AAE-4085-8358-8F9BC3229C2E}.Release|Any CPU.ActiveCfg = Release|Any CPU
		{C20A4DC2-8AAE-4085-8358-8F9BC3229C2E}.Release|Any CPU.Build.0 = Release|Any CPU
		{9441F015-5CAD-4B44-ABAA-9B4D91421768}.Debug|Any CPU.ActiveCfg = Debug|Any CPU
		{9441F015-5CAD-4B44-ABAA-9B4D91421768}.Debug|Any CPU.Build.0 = Debug|Any CPU
		{9441F015-5CAD-4B44-ABAA-9B4D91421768}.Release|Any CPU.ActiveCfg = Release|Any CPU
		{9441F015-5CAD-4B44-ABAA-9B4D91421768}.Release|Any CPU.Build.0 = Release|Any CPU
		{0D87097C-F0DE-4A32-8B5D-0E47C659BE89}.Debug|Any CPU.ActiveCfg = Debug|Any CPU
		{0D87097C-F0DE-4A32-8B5D-0E47C659BE89}.Debug|Any CPU.Build.0 = Debug|Any CPU
		{0D87097C-F0DE-4A32-8B5D-0E47C659BE89}.Release|Any CPU.ActiveCfg = Release|Any CPU
		{0D87097C-F0DE-4A32-8B5D-0E47C659BE89}.Release|Any CPU.Build.0 = Release|Any CPU
	EndGlobalSection
	GlobalSection(SolutionProperties) = preSolution
		HideSolutionNode = FALSE
	EndGlobalSection
	GlobalSection(ExtensibilityGlobals) = postSolution
		SolutionGuid = {1AD9AC0C-B852-4375-BE4B-48EA625686B0}
	EndGlobalSection
EndGlobal
